
Microsoft Visual Studio Solution File, Format Version 12.00
# Visual Studio 15
Project("{FAE04EC0-301F-11D3-BF4B-00C04F79EFBC}") = "Assembly-CSharp", "Assembly-CSharp.csproj", "{B299E2A6-874D-58FC-E50B-CF4BFDE69D54}"
EndProject
Project("{FAE04EC0-301F-11D3-BF4B-00C04F79EFBC}") = "Assembly-CSharp-Editor", "Assembly-CSharp-Editor.csproj", "{5DAD3489-43A1-F0A6-81C9-F7E2D2012D81}"
EndProject
Global
	GlobalSection(SolutionConfigurationPlatforms) = preSolution
		Debug|Any CPU = Debug|Any CPU
		Release|Any CPU = Release|Any CPU
	EndGlobalSection
	GlobalSection(ProjectConfigurationPlatforms) = postSolution
		{B299E2A6-874D-58FC-E50B-CF4BFDE69D54}.Debug|Any CPU.ActiveCfg = Debug|Any CPU
		{B299E2A6-874D-58FC-E50B-CF4BFDE69D54}.Debug|Any CPU.Build.0 = Debug|Any CPU
		{B299E2A6-874D-58FC-E50B-CF4BFDE69D54}.Release|Any CPU.ActiveCfg = Release|Any CPU
		{B299E2A6-874D-58FC-E50B-CF4BFDE69D54}.Release|Any CPU.Build.0 = Release|Any CPU
		{5DAD3489-43A1-F0A6-81C9-F7E2D2012D81}.Debug|Any CPU.ActiveCfg = Debug|Any CPU
		{5DAD3489-43A1-F0A6-81C9-F7E2D2012D81}.Debug|Any CPU.Build.0 = Debug|Any CPU
		{5DAD3489-43A1-F0A6-81C9-F7E2D2012D81}.Release|Any CPU.ActiveCfg = Release|Any CPU
		{5DAD3489-43A1-F0A6-81C9-F7E2D2012D81}.Release|Any CPU.Build.0 = Release|Any CPU
	EndGlobalSection
	GlobalSection(SolutionProperties) = preSolution
		HideSolutionNode = FALSE
	EndGlobalSection
EndGlobal
